Microsoft Visual Studio Solution File, Format Version 11.00
# Visual Studio 2008

Project("{4EB4C7AF-4FAC-CDDF-F48D-F362DC4FEDA6}") = "Main_Menu", "Assembly-CSharp-firstpass.csproj", "{5D9759CB-22BF-6472-7278-FA4A2A13BCE9}"
EndProject
Project("{4EB4C7AF-4FAC-CDDF-F48D-F362DC4FEDA6}") = "Main_Menu", "Assembly-CSharp.csproj", "{EE0FF2BC-E1AA-E065-B058-C2B9EA0CF3D9}"
EndProject
Project("{4EB4C7AF-4FAC-CDDF-F48D-F362DC4FEDA6}") = "Main_Menu", "Assembly-UnityScript-firstpass.unityproj", "{6ECB0853-8F4F-A219-8CCA-376670F4CA72}"
EndProject
Global
	GlobalSection(SolutionConfigurationPlatforms) = preSolution
		Debug|Any CPU = Debug|Any CPU
		Release|Any CPU = Release|Any CPU
	EndGlobalSection
	GlobalSection(ProjectConfigurationPlatforms) = postSolution
		{5D9759CB-22BF-6472-7278-FA4A2A13BCE9}.Debug|Any CPU.ActiveCfg = Debug|Any CPU
		{5D9759CB-22BF-6472-7278-FA4A2A13BCE9}.Debug|Any CPU.Build.0 = Debug|Any CPU
		{5D9759CB-22BF-6472-7278-FA4A2A13BCE9}.Release|Any CPU.ActiveCfg = Release|Any CPU
		{5D9759CB-22BF-6472-7278-FA4A2A13BCE9}.Release|Any CPU.Build.0 = Release|Any CPU
		{EE0FF2BC-E1AA-E065-B058-C2B9EA0CF3D9}.Debug|Any CPU.ActiveCfg = Debug|Any CPU
		{EE0FF2BC-E1AA-E065-B058-C2B9EA0CF3D9}.Debug|Any CPU.Build.0 = Debug|Any CPU
		{EE0FF2BC-E1AA-E065-B058-C2B9EA0CF3D9}.Release|Any CPU.ActiveCfg = Release|Any CPU
		{EE0FF2BC-E1AA-E065-B058-C2B9EA0CF3D9}.Release|Any CPU.Build.0 = Release|Any CPU
		{6ECB0853-8F4F-A219-8CCA-376670F4CA72}.Debug|Any CPU.ActiveCfg = Debug|Any CPU
		{6ECB0853-8F4F-A219-8CCA-376670F4CA72}.Debug|Any CPU.Build.0 = Debug|Any CPU
		{6ECB0853-8F4F-A219-8CCA-376670F4CA72}.Release|Any CPU.ActiveCfg = Release|Any CPU
		{6ECB0853-8F4F-A219-8CCA-376670F4CA72}.Release|Any CPU.Build.0 = Release|Any CPU
	EndGlobalSection
	GlobalSection(SolutionProperties) = preSolution
		HideSolutionNode = FALSE
	EndGlobalSection
																																GlobalSection(MonoDevelopProperties) = preSolution
		StartupItem = Assembly-CSharp.csproj
		Policies = $0
		$0.TextStylePolicy = $1
		$1.inheritsSet = null
		$1.scope = text/x-csharp
		$0.CSharpFormattingPolicy = $2
		$2.inheritsSet = Mono
		$2.inheritsScope = text/x-csharp
		$2.scope = text/x-csharp
		$0.TextStylePolicy = $3
		$3.FileWidth = 120
		$3.TabWidth = 4
		$3.EolMarker = Unix
		$3.inheritsSet = Mono
		$3.inheritsScope = text/plain
		$3.scope = text/plain
	EndGlobalSection

EndGlobal
